
Microsoft Visual Studio Solution File, Format Version 12.00
# Visual Studio Version 17
VisualStudioVersion = 17.11.35312.102
MinimumVisualStudioVersion = 10.0.40219.1
Project("{FAE04EC0-301F-11D3-BF4B-00C04F79EFBC}") = "PusokAlexLab7", "PusokAlexLab7.csproj", "{EDD7867E-14E4-4B03-8008-55A4346A1D06}"
EndProject
Global
	GlobalSection(SolutionConfigurationPlatforms) = preSolution
		Debug|Any CPU = Debug|Any CPU
		Release|Any CPU = Release|Any CPU
	EndGlobalSection
	GlobalSection(ProjectConfigurationPlatforms) = postSolution
		{EDD7867E-14E4-4B03-8008-55A4346A1D06}.Debug|Any CPU.ActiveCfg = Debug|Any CPU
		{EDD7867E-14E4-4B03-8008-55A4346A1D06}.Debug|Any CPU.Build.0 = Debug|Any CPU
		{EDD7867E-14E4-4B03-8008-55A4346A1D06}.Debug|Any CPU.Deploy.0 = Debug|Any CPU
		{EDD7867E-14E4-4B03-8008-55A4346A1D06}.Release|Any CPU.ActiveCfg = Release|Any CPU
		{EDD7867E-14E4-4B03-8008-55A4346A1D06}.Release|Any CPU.Build.0 = Release|Any CPU
		{EDD7867E-14E4-4B03-8008-55A4346A1D06}.Release|Any CPU.Deploy.0 = Release|Any CPU
	EndGlobalSection
	GlobalSection(SolutionProperties) = preSolution
		HideSolutionNode = FALSE
	EndGlobalSection
	GlobalSection(ExtensibilityGlobals) = postSolution
		SolutionGuid = {5A88C1D0-0230-44D5-8FDA-89524924793F}
	EndGlobalSection
EndGlobal
